# This file is automatically @generated by Cargo.
# It is not intended for manual editing.
version = 3

[[package]]
name = "autocfg"
version = "1.1.0"
source = "registry+https://github.com/rust-lang/crates.io-index"
checksum = "d468802bab17cbc0cc575e9b053f41e72aa36bfa6b7f55e3529ffa43161b97fa"

[[package]]
name = "bitbuffer"
version = "0.11.0"
dependencies = [
 "bitbuffer_derive",
 "iai",
 "maplit",
 "memchr",
 "num-traits",
 "schemars",
 "serde",
 "serde_json",
 "thiserror",
]

[[package]]
name = "bitbuffer_derive"
version = "0.11.0"
dependencies = [
 "bitbuffer",
 "merge",
 "proc-macro2",
 "quote",
 "structmeta",
 "syn 2.0.38",
]

[[package]]
name = "dyn-clone"
version = "1.0.5"
source = "registry+https://github.com/rust-lang/crates.io-index"
checksum = "21e50f3adc76d6a43f5ed73b698a87d0760ca74617f60f7c3b879003536fdd28"

[[package]]
name = "iai"
version = "0.1.1"
source = "registry+https://github.com/rust-lang/crates.io-index"
checksum = "71a816c97c42258aa5834d07590b718b4c9a598944cd39a52dc25b351185d678"

[[package]]
name = "itoa"
version = "1.0.1"
source = "registry+https://github.com/rust-lang/crates.io-index"
checksum = "1aab8fc367588b89dcee83ab0fd66b72b50b72fa1904d7095045ace2b0c81c35"

[[package]]
name = "maplit"
version = "1.0.2"
source = "registry+https://github.com/rust-lang/crates.io-index"
checksum = "3e2e65a1a2e43cfcb47a895c4c8b10d1f4a61097f9f254f183aee60cad9c651d"

[[package]]
name = "memchr"
version = "2.6.4"
source = "registry+https://github.com/rust-lang/crates.io-index"
checksum = "f665ee40bc4a3c5590afb1e9677db74a508659dfd71e126420da8274909a0167"

[[package]]
name = "merge"
version = "0.1.0"
source = "registry+https://github.com/rust-lang/crates.io-index"
checksum = "10bbef93abb1da61525bbc45eeaff6473a41907d19f8f9aa5168d214e10693e9"
dependencies = [
 "merge_derive",
 "num-traits",
]

[[package]]
name = "merge_derive"
version = "0.1.0"
source = "registry+https://github.com/rust-lang/crates.io-index"
checksum = "209d075476da2e63b4b29e72a2ef627b840589588e71400a25e3565c4f849d07"
dependencies = [
 "proc-macro-error",
 "proc-macro2",
 "quote",
 "syn 1.0.109",
]

[[package]]
name = "num-traits"
version = "0.2.17"
source = "registry+https://github.com/rust-lang/crates.io-index"
checksum = "39e3200413f237f41ab11ad6d161bc7239c84dcb631773ccd7de3dfe4b5c267c"
dependencies = [
 "autocfg",
]

[[package]]
name = "proc-macro-error"
version = "1.0.4"
source = "registry+https://github.com/rust-lang/crates.io-index"
checksum = "da25490ff9892aab3fcf7c36f08cfb902dd3e71ca0f9f9517bea02a73a5ce38c"
dependencies = [
 "proc-macro-error-attr",
 "proc-macro2",
 "quote",
 "syn 1.0.109",
 "version_check",
]

[[package]]
name = "proc-macro-error-attr"
version = "1.0.4"
source = "registry+https://github.com/rust-lang/crates.io-index"
checksum = "a1be40180e52ecc98ad80b184934baf3d0d29f979574e439af5a55274b35f869"
dependencies = [
 "proc-macro2",
 "quote",
 "version_check",
]

[[package]]
name = "proc-macro2"
version = "1.0.69"
source = "registry+https://github.com/rust-lang/crates.io-index"
checksum = "134c189feb4956b20f6f547d2cf727d4c0fe06722b20a0eec87ed445a97f92da"
dependencies = [
 "unicode-ident",
]

[[package]]
name = "quote"
version = "1.0.33"
source = "registry+https://github.com/rust-lang/crates.io-index"
checksum = "5267fca4496028628a95160fc423a33e8b2e6af8a5302579e322e4b520293cae"
dependencies = [
 "proc-macro2",
]

[[package]]
name = "ryu"
version = "1.0.9"
source = "registry+https://github.com/rust-lang/crates.io-index"
checksum = "73b4b750c782965c211b42f022f59af1fbceabdd026623714f104152f1ec149f"

[[package]]
name = "schemars"
version = "0.8.15"
source = "registry+https://github.com/rust-lang/crates.io-index"
checksum = "1f7b0ce13155372a76ee2e1c5ffba1fe61ede73fbea5630d61eee6fac4929c0c"
dependencies = [
 "dyn-clone",
 "schemars_derive",
 "serde",
 "serde_json",
]

[[package]]
name = "schemars_derive"
version = "0.8.15"
source = "registry+https://github.com/rust-lang/crates.io-index"
checksum = "e85e2a16b12bdb763244c69ab79363d71db2b4b918a2def53f80b02e0574b13c"
dependencies = [
 "proc-macro2",
 "quote",
 "serde_derive_internals",
 "syn 1.0.109",
]

[[package]]
name = "serde"
version = "1.0.188"
source = "registry+https://github.com/rust-lang/crates.io-index"
checksum = "cf9e0fcba69a370eed61bcf2b728575f726b50b55cba78064753d708ddc7549e"
dependencies = [
 "serde_derive",
]

[[package]]
name = "serde_derive"
version = "1.0.188"
source = "registry+https://github.com/rust-lang/crates.io-index"
checksum = "4eca7ac642d82aa35b60049a6eccb4be6be75e599bd2e9adb5f875a737654af2"
dependencies = [
 "proc-macro2",
 "quote",
 "syn 2.0.38",
]

[[package]]
name = "serde_derive_internals"
version = "0.26.0"
source = "registry+https://github.com/rust-lang/crates.io-index"
checksum = "85bf8229e7920a9f636479437026331ce11aa132b4dde37d121944a44d6e5f3c"
dependencies = [
 "proc-macro2",
 "quote",
 "syn 1.0.109",
]

[[package]]
name = "serde_json"
version = "1.0.107"
source = "registry+https://github.com/rust-lang/crates.io-index"
checksum = "6b420ce6e3d8bd882e9b243c6eed35dbc9a6110c9769e74b584e0d68d1f20c65"
dependencies = [
 "itoa",
 "ryu",
 "serde",
]

[[package]]
name = "structmeta"
version = "0.2.0"
source = "registry+https://github.com/rust-lang/crates.io-index"
checksum = "78ad9e09554f0456d67a69c1584c9798ba733a5b50349a6c0d0948710523922d"
dependencies = [
 "proc-macro2",
 "quote",
 "structmeta-derive",
 "syn 2.0.38",
]

[[package]]
name = "structmeta-derive"
version = "0.2.0"
source = "registry+https://github.com/rust-lang/crates.io-index"
checksum = "a60bcaff7397072dca0017d1db428e30d5002e00b6847703e2e42005c95fbe00"
dependencies = [
 "proc-macro2",
 "quote",
 "syn 2.0.38",
]

[[package]]
name = "syn"
version = "1.0.109"
source = "registry+https://github.com/rust-lang/crates.io-index"
checksum = "72b64191b275b66ffe2469e8af2c1cfe3bafa67b529ead792a6d0160888b4237"
dependencies = [
 "proc-macro2",
 "quote",
 "unicode-ident",
]

[[package]]
name = "syn"
version = "2.0.38"
source = "registry+https://github.com/rust-lang/crates.io-index"
checksum = "e96b79aaa137db8f61e26363a0c9b47d8b4ec75da28b7d1d614c2303e232408b"
dependencies = [
 "proc-macro2",
 "quote",
 "unicode-ident",
]

[[package]]
name = "thiserror"
version = "1.0.49"
source = "registry+https://github.com/rust-lang/crates.io-index"
checksum = "1177e8c6d7ede7afde3585fd2513e611227efd6481bd78d2e82ba1ce16557ed4"
dependencies = [
 "thiserror-impl",
]

[[package]]
name = "thiserror-impl"
version = "1.0.49"
source = "registry+https://github.com/rust-lang/crates.io-index"
checksum = "10712f02019e9288794769fba95cd6847df9874d49d871d062172f9dd41bc4cc"
dependencies = [
 "proc-macro2",
 "quote",
 "syn 2.0.38",
]

[[package]]
name = "unicode-ident"
version = "1.0.11"
source = "registry+https://github.com/rust-lang/crates.io-index"
checksum = "301abaae475aa91687eb82514b328ab47a211a533026cb25fc3e519b86adfc3c"

[[package]]
name = "version_check"
version = "0.9.4"
source = "registry+https://github.com/rust-lang/crates.io-index"
checksum = "49874b5167b65d7193b8aba1567f5c7d93d001cafc34600cee003eda787e483f"
